{
  "name": "API_Redirect",
  "lockfileVersion": 2,
  "requires": true,
  "packages": {
    "": {
      "dependencies": {
        "res": "^0.4.0"
      }
    },
    "node_modules/res": {
      "version": "0.4.0",
      "resolved": "https://registry.npmjs.org/res/-/res-0.4.0.tgz",
      "integrity": "sha1-a0mSIEDdBWrRjDwOhdv81xK0QUc="
    }
  },
  "dependencies": {
    "res": {
      "version": "0.4.0",
      "resolved": "https://registry.npmjs.org/res/-/res-0.4.0.tgz",
      "integrity": "sha1-a0mSIEDdBWrRjDwOhdv81xK0QUc="
    }
  }
}
